
Microsoft Visual Studio Solution File, Format Version 12.00
# Visual Studio Version 16
VisualStudioVersion = 16.0.30907.101
MinimumVisualStudioVersion = 10.0.40219.1
Project("{FAE04EC0-301F-11D3-BF4B-00C04F79EFBC}") = "CustomerApi", "CustomerApi\CustomerApi.csproj", "{3C5B62C6-D311-48FB-90F7-F831BF6C4A77}"
EndProject
Project("{2150E333-8FDC-42A3-9474-1A3956D46DE8}") = "Solution Items", "Solution Items", "{5368D949-EC3F-4E41-ACF9-DBADBDC56312}"
	ProjectSection(SolutionItems) = preProject
		.gitignore = .gitignore
	EndProjectSection
EndProject
Global
	GlobalSection(SolutionConfigurationPlatforms) = preSolution
		Debug|Any CPU = Debug|Any CPU
		Release|Any CPU = Release|Any CPU
	EndGlobalSection
	GlobalSection(ProjectConfigurationPlatforms) = postSolution
		{3C5B62C6-D311-48FB-90F7-F831BF6C4A77}.Debug|Any CPU.ActiveCfg = Debug|Any CPU
		{3C5B62C6-D311-48FB-90F7-F831BF6C4A77}.Debug|Any CPU.Build.0 = Debug|Any CPU
		{3C5B62C6-D311-48FB-90F7-F831BF6C4A77}.Release|Any CPU.ActiveCfg = Release|Any CPU
		{3C5B62C6-D311-48FB-90F7-F831BF6C4A77}.Release|Any CPU.Build.0 = Release|Any CPU
	EndGlobalSection
	GlobalSection(SolutionProperties) = preSolution
		HideSolutionNode = FALSE
	EndGlobalSection
	GlobalSection(ExtensibilityGlobals) = postSolution
		SolutionGuid = {3E8CD518-4BBF-43C5-BD54-429B404B37FA}
	EndGlobalSection
EndGlobal
